{
  "version": "5",
  "specifiers": {
    "jsr:@std/assert@1.0.19": "1.0.19",
    "jsr:@std/internal@^1.0.12": "1.0.12",
    "npm:@aws-sdk/client-iam@3.1024.0": "3.1024.0",
    "npm:@aws-sdk/client-s3@3.1024.0": "3.1024.0",
    "npm:@aws-sdk/client-sts@3.1024.0": "3.1024.0",
    "npm:zod@4.3.6": "4.3.6"
  },
  "jsr": {
    "@std/assert@1.0.19": {
      "integrity": "eaada96ee120cb980bc47e040f82814d786fe8162ecc53c91d8df60b8755991e",
      "dependencies": [
        "jsr:@std/internal"
      ]
    },
    "@std/internal@1.0.12": {
      "integrity": "972a634fd5bc34b242024402972cd5143eac68d8dffaca5eaa4dba30ce17b027"
    }
  },
  "npm": {
    "@aws-crypto/crc32@5.2.0": {
      "integrity": "sha512-nLbCWqQNgUiwwtFsen1AdzAtvuLRsQS8rYgMuxCrdKf9kOssamGLuPwyTY9wyYblNr9+1XM8v6zoDTPPSIeANg==",
      "dependencies": [
        "@aws-crypto/util",
        "@aws-sdk/types",
        "tslib"
      ]
    },
    "@aws-crypto/crc32c@5.2.0": {
      "integrity": "sha512-+iWb8qaHLYKrNvGRbiYRHSdKRWhto5XlZUEBwDjYNf+ly5SVYG6zEoYIdxvf5R3zyeP16w4PLBn3rH1xc74Rag==",
      "dependencies": [
        "@aws-crypto/util",
        "@aws-sdk/types",
        "tslib"
      ]
    },
    "@aws-crypto/sha1-browser@5.2.0": {
      "integrity": "sha512-OH6lveCFfcDjX4dbAvCFSYUjJZjDr/3XJ3xHtjn3Oj5b9RjojQo8npoLeA/bNwkOkrSQ0wgrHzXk4tDRxGKJeg==",
      "dependencies": [
        "@aws-crypto/supports-web-crypto",
        "@aws-crypto/util",
        "@aws-sdk/types",
        "@aws-sdk/util-locate-window",
        "@smithy/util-utf8@2.3.0",
        "tslib"
      ]
    },
    "@aws-crypto/sha256-browser@5.2.0": {
      "integrity": "sha512-AXfN/lGotSQwu6HNcEsIASo7kWXZ5HYWvfOmSNKDsEqC4OashTp8alTmaz+F7TC2L083SFv5RdB+qU3Vs1kZqw==",
      "dependencies": [
        "@aws-crypto/sha256-js",
        "@aws-crypto/supports-web-crypto",
        "@aws-crypto/util",
        "@aws-sdk/types",
        "@aws-sdk/util-locate-window",
        "@smithy/util-utf8@2.3.0",
        "tslib"
      ]
    },
    "@aws-crypto/sha256-js@5.2.0": {
      "integrity": "sha512-FFQQyu7edu4ufvIZ+OadFpHHOt+eSTBaYaki44c+akjg7qZg9oOQeLlk77F6tSYqjDAFClrHJk9tMf0HdVyOvA==",
      "dependencies": [
        "@aws-crypto/util",
        "@aws-sdk/types",
        "tslib"
      ]
    },
    "@aws-crypto/supports-web-crypto@5.2.0": {
      "integrity": "sha512-iAvUotm021kM33eCdNfwIN//F77/IADDSs58i+MDaOqFrVjZo9bAal0NK7HurRuWLLpF1iLX7gbWrjHjeo+YFg==",
      "dependencies": [
        "tslib"
      ]
    },
    "@aws-crypto/util@5.2.0": {
      "integrity": "sha512-4RkU9EsI6ZpBve5fseQlGNUWKMa1RLPQ1dnjnQoe07ldfIzcsGb5hC5W0Dm7u423KWzawlrpbjXBrXCEv9zazQ==",
      "dependencies": [
        "@aws-sdk/types",
        "@smithy/util-utf8@2.3.0",
        "tslib"
      ]
    },
    "@aws-sdk/client-iam@3.1024.0": {
      "integrity": "sha512-ZR6FSJZCQb+diQfTjNITbEv7XGp73j7xFJ6f6Pi0n+4gCWdlYQH/UYRsfv5V6igBF8R+28yQo4m1pKekRsW2rA==",
      "dependencies": [
        "@aws-crypto/sha256-browser",
        "@aws-crypto/sha256-js",
        "@aws-sdk/core",
        "@aws-sdk/credential-provider-node",
        "@aws-sdk/middleware-host-header",
        "@aws-sdk/middleware-logger",
        "@aws-sdk/middleware-recursion-detection",
        "@aws-sdk/middleware-user-agent",
        "@aws-sdk/region-config-resolver",
        "@aws-sdk/types",
        "@aws-sdk/util-endpoints",
        "@aws-sdk/util-user-agent-browser",
        "@aws-sdk/util-user-agent-node",
        "@smithy/config-resolver",
        "@smithy/core",
        "@smithy/fetch-http-handler",
        "@smithy/hash-node",
        "@smithy/invalid-dependency",
        "@smithy/middleware-content-length",
        "@smithy/middleware-endpoint",
        "@smithy/middleware-retry",
        "@smithy/middleware-serde",
        "@smithy/middleware-stack",
        "@smithy/node-config-provider",
        "@smithy/node-http-handler",
        "@smithy/protocol-http",
        "@smithy/smithy-client",
        "@smithy/types",
        "@smithy/url-parser",
        "@smithy/util-base64",
        "@smithy/util-body-length-browser",
        "@smithy/util-body-length-node",
        "@smithy/util-defaults-mode-browser",
        "@smithy/util-defaults-mode-node",
        "@smithy/util-endpoints",
        "@smithy/util-middleware",
        "@smithy/util-retry",
        "@smithy/util-utf8@4.2.2",
        "@smithy/util-waiter",
        "tslib"
      ]
    },
    "@aws-sdk/client-s3@3.1024.0": {
      "integrity": "sha512-8qdO5aLCzaf9l0RdrSBW1iIroRKP2QBqtZ6lkrtHKiaaH0B18xEn+lrEgiN/eCf3uRAYk4cqbnI2XcWzm+7dDQ==",
      "dependencies": [
        "@aws-crypto/sha1-browser",
        "@aws-crypto/sha256-browser",
        "@aws-crypto/sha256-js",
        "@aws-sdk/core",
        "@aws-sdk/credential-provider-node",
        "@aws-sdk/middleware-bucket-endpoint",
        "@aws-sdk/middleware-expect-continue",
        "@aws-sdk/middleware-flexible-checksums",
        "@aws-sdk/middleware-host-header",
        "@aws-sdk/middleware-location-constraint",
        "@aws-sdk/middleware-logger",
        "@aws-sdk/middleware-recursion-detection",
        "@aws-sdk/middleware-sdk-s3",
        "@aws-sdk/middleware-ssec",
        "@aws-sdk/middleware-user-agent",
        "@aws-sdk/region-config-resolver",
        "@aws-sdk/signature-v4-multi-region",
        "@aws-sdk/types",
        "@aws-sdk/util-endpoints",
        "@aws-sdk/util-user-agent-browser",
        "@aws-sdk/util-user-agent-node",
        "@smithy/config-resolver",
        "@smithy/core",
        "@smithy/eventstream-serde-browser",
        "@smithy/eventstream-serde-config-resolver",
        "@smithy/eventstream-serde-node",
        "@smithy/fetch-http-handler",
        "@smithy/hash-blob-browser",
        "@smithy/hash-node",
        "@smithy/hash-stream-node",
        "@smithy/invalid-dependency",
        "@smithy/md5-js",
        "@smithy/middleware-content-length",
        "@smithy/middleware-endpoint",
        "@smithy/middleware-retry",
        "@smithy/middleware-serde",
        "@smithy/middleware-stack",
        "@smithy/node-config-provider",
        "@smithy/node-http-handler",
        "@smithy/protocol-http",
        "@smithy/smithy-client",
        "@smithy/types",
        "@smithy/url-parser",
        "@smithy/util-base64",
        "@smithy/util-body-length-browser",
        "@smithy/util-body-length-node",
        "@smithy/util-defaults-mode-browser",
        "@smithy/util-defaults-mode-node",
        "@smithy/util-endpoints",
        "@smithy/util-middleware",
        "@smithy/util-retry",
        "@smithy/util-stream",
        "@smithy/util-utf8@4.2.2",
        "@smithy/util-waiter",
        "tslib"
      ]
    },
    "@aws-sdk/client-sts@3.1024.0": {
      "integrity": "sha512-LQYfWXsZ6ty68zSMMBGyoj9Lf2bEvVcI593nU5wepaHOTb0HCdOS5BUuQdSkjQ+MUxE3UKlLpCsmEnfEFyNGNQ==",
      "dependencies": [
        "@aws-crypto/sha256-browser",
        "@aws-crypto/sha256-js",
        "@aws-sdk/core",
        "@aws-sdk/credential-provider-node",
        "@aws-sdk/middleware-host-header",
        "@aws-sdk/middleware-logger",
        "@aws-sdk/middleware-recursion-detection",
        "@aws-sdk/middleware-user-agent",
        "@aws-sdk/region-config-resolver",
        "@aws-sdk/types",
        "@aws-sdk/util-endpoints",
        "@aws-sdk/util-user-agent-browser",
        "@aws-sdk/util-user-agent-node",
        "@smithy/config-resolver",
        "@smithy/core",
        "@smithy/fetch-http-handler",
        "@smithy/hash-node",
        "@smithy/invalid-dependency",
        "@smithy/middleware-content-length",
        "@smithy/middleware-endpoint",
        "@smithy/middleware-retry",
        "@smithy/middleware-serde",
        "@smithy/middleware-stack",
        "@smithy/node-config-provider",
        "@smithy/node-http-handler",
        "@smithy/protocol-http",
        "@smithy/smithy-client",
        "@smithy/types",
        "@smithy/url-parser",
        "@smithy/util-base64",
        "@smithy/util-body-length-browser",
        "@smithy/util-body-length-node",
        "@smithy/util-defaults-mode-browser",
        "@smithy/util-defaults-mode-node",
        "@smithy/util-endpoints",
        "@smithy/util-middleware",
        "@smithy/util-retry",
        "@smithy/util-utf8@4.2.2",
        "tslib"
      ]
    },
    "@aws-sdk/core@3.973.27": {
      "integrity": "sha512-CUZ5m8hwMCH6OYI4Li/WgMfIEx10Q2PLI9Y3XOUTPGZJ53aZ0007jCv+X/ywsaERyKPdw5MRZWk877roQksQ4A==",
      "dependencies": [
        "@aws-sdk/types",
        "@aws-sdk/xml-builder",
        "@smithy/core",
        "@smithy/node-config-provider",
        "@smithy/property-provider",
        "@smithy/protocol-http",
        "@smithy/signature-v4",
        "@smithy/smithy-client",
        "@smithy/types",
        "@smithy/util-base64",
        "@smithy/util-middleware",
        "@smithy/util-utf8@4.2.2",
        "tslib"
      ]
    },
    "@aws-sdk/crc64-nvme@3.972.6": {
      "integrity": "sha512-NMbiqKdruhwwgI6nzBVe2jWMkXjaoQz2YOs3rFX+2F3gGyrJDkDPwMpV/RsTFeq2vAQ055wZNtOXFK4NYSkM8g==",
      "dependencies": [
        "@smithy/types",
        "tslib"
      ]
    },
    "@aws-sdk/credential-provider-env@3.972.25": {
      "integrity": "sha512-6QfI0wv4jpG5CrdO/AO0JfZ2ux+tKwJPrUwmvxXF50vI5KIypKVGNF6b4vlkYEnKumDTI1NX2zUBi8JoU5QU3A==",
      "dependencies": [
        "@aws-sdk/core",
        "@aws-sdk/types",
        "@smithy/property-provider",
        "@smithy/types",
        "tslib"
      ]
    },
    "@aws-sdk/credential-provider-http@3.972.27": {
      "integrity": "sha512-3V3Usj9Gs93h865DqN4M2NWJhC5kXU9BvZskfN3+69omuYlE3TZxOEcVQtBGLOloJB7BVfJKXVLqeNhOzHqSlQ==",
      "dependencies": [
        "@aws-sdk/core",
        "@aws-sdk/types",
        "@smithy/fetch-http-handler",
        "@smithy/node-http-handler",
        "@smithy/property-provider",
        "@smithy/protocol-http",
        "@smithy/smithy-client",
        "@smithy/types",
        "@smithy/util-stream",
        "tslib"
      ]
    },
    "@aws-sdk/credential-provider-ini@3.972.29": {
      "integrity": "sha512-SiBuAnXecCbT/OpAf3vqyI/AVE3mTaYr9ShXLybxZiPLBiPCCOIWSGAtYYGQWMRvobBTiqOewaB+wcgMMZI2Aw==",
      "dependencies": [
        "@aws-sdk/core",
        "@aws-sdk/credential-provider-env",
        "@aws-sdk/credential-provider-http",
        "@aws-sdk/credential-provider-login",
        "@aws-sdk/credential-provider-process",
        "@aws-sdk/credential-provider-sso",
        "@aws-sdk/credential-provider-web-identity",
        "@aws-sdk/nested-clients",
        "@aws-sdk/types",
        "@smithy/credential-provider-imds",
        "@smithy/property-provider",
        "@smithy/shared-ini-file-loader",
        "@smithy/types",
        "tslib"
      ]
    },
    "@aws-sdk/credential-provider-login@3.972.29": {
      "integrity": "sha512-OGOslTbOlxXexKMqhxCEbBQbUIfuhGxU5UXw3Fm56ypXHvrXH4aTt/xb5Y884LOoteP1QST1lVZzHfcTnWhiPQ==",
      "dependencies": [
        "@aws-sdk/core",
        "@aws-sdk/nested-clients",
        "@aws-sdk/types",
        "@smithy/property-provider",
        "@smithy/protocol-http",
        "@smithy/shared-ini-file-loader",
        "@smithy/types",
        "tslib"
      ]
    },
    "@aws-sdk/credential-provider-node@3.972.30": {
      "integrity": "sha512-FMnAnWxc8PG+ZrZ2OBKzY4luCUJhe9CG0B9YwYr4pzrYGLXBS2rl+UoUvjGbAwiptxRL6hyA3lFn03Bv1TLqTw==",
      "dependencies": [
        "@aws-sdk/credential-provider-env",
        "@aws-sdk/credential-provider-http",
        "@aws-sdk/credential-provider-ini",
        "@aws-sdk/credential-provider-process",
        "@aws-sdk/credential-provider-sso",
        "@aws-sdk/credential-provider-web-identity",
        "@aws-sdk/types",
        "@smithy/credential-provider-imds",
        "@smithy/property-provider",
        "@smithy/shared-ini-file-loader",
        "@smithy/types",
        "tslib"
      ]
    },
    "@aws-sdk/credential-provider-process@3.972.25": {
      "integrity": "sha512-HR7ynNRdNhNsdVCOCegy1HsfsRzozCOPtD3RzzT1JouuaHobWyRfJzCBue/3jP7gECHt+kQyZUvwg/cYLWurNQ==",
      "dependencies": [
        "@aws-sdk/core",
        "@aws-sdk/types",
        "@smithy/property-provider",
        "@smithy/shared-ini-file-loader",
        "@smithy/types",
        "tslib"
      ]
    },
    "@aws-sdk/credential-provider-sso@3.972.29": {
      "integrity": "sha512-HWv4SEq3jZDYPlwryZVef97+U8CxxRos5mK8sgGO1dQaFZpV5giZLzqGE5hkDmh2csYcBO2uf5XHjPTpZcJlig==",
      "dependencies": [
        "@aws-sdk/core",
        "@aws-sdk/nested-clients",
        "@aws-sdk/token-providers",
        "@aws-sdk/types",
        "@smithy/property-provider",
        "@smithy/shared-ini-file-loader",
        "@smithy/types",
        "tslib"
      ]
    },
    "@aws-sdk/credential-provider-web-identity@3.972.29": {
      "integrity": "sha512-PdMBza1WEKEUPFEmMGCfnU2RYCz9MskU2e8JxjyUOsMKku7j9YaDKvbDi2dzC0ihFoM6ods2SbhfAAro+Gwlew==",
      "dependencies": [
        "@aws-sdk/core",
        "@aws-sdk/nested-clients",
        "@aws-sdk/types",
        "@smithy/property-provider",
        "@smithy/shared-ini-file-loader",
        "@smithy/types",
        "tslib"
      ]
    },
    "@aws-sdk/middleware-bucket-endpoint@3.972.9": {
      "integrity": "sha512-COToYKgquDyligbcAep7ygs48RK+mwe/IYprq4+TSrVFzNOYmzWvHf6werpnKV5VYpRiwdn+Wa5ZXkPqLVwcTg==",
      "dependencies": [
        "@aws-sdk/types",
        "@aws-sdk/util-arn-parser",
        "@smithy/node-config-provider",
        "@smithy/protocol-http",
        "@smithy/types",
        "@smithy/util-config-provider",
        "tslib"
      ]
    },
    "@aws-sdk/middleware-expect-continue@3.972.9": {
      "integrity": "sha512-V/FNCjFxnh4VGu+HdSiW4Yg5GELihA1MIDSAdsEPvuayXBVmr0Jaa6jdLAZLH38KYXl/vVjri9DQJWnTAujHEA==",
      "dependencies": [
        "@aws-sdk/types",
        "@smithy/protocol-http",
        "@smithy/types",
        "tslib"
      ]
    },
    "@aws-sdk/middleware-flexible-checksums@3.974.7": {
      "integrity": "sha512-uU4/ch2CLHB8Phu1oTKnnQ4e8Ujqi49zEnQYBhWYT53zfFvtJCdGsaOoypBr8Fm/pmCBssRmGoIQ4sixgdLP9w==",
      "dependencies": [
        "@aws-crypto/crc32",
        "@aws-crypto/crc32c",
        "@aws-crypto/util",
        "@aws-sdk/core",
        "@aws-sdk/crc64-nvme",
        "@aws-sdk/types",
        "@smithy/is-array-buffer@4.2.2",
        "@smithy/node-config-provider",
        "@smithy/protocol-http",
        "@smithy/types",
        "@smithy/util-middleware",
        "@smithy/util-stream",
        "@smithy/util-utf8@4.2.2",
        "tslib"
      ]
    },
    "@aws-sdk/middleware-host-header@3.972.9": {
      "integrity": "sha512-je5vRdNw4SkuTnmRbFZLdye4sQ0faLt8kwka5wnnSU30q1mHO4X+idGEJOOE+Tn1ME7Oryn05xxkDvIb3UaLaQ==",
      "dependencies": [
        "@aws-sdk/types",
        "@smithy/protocol-http",
        "@smithy/types",
        "tslib"
      ]
    },
    "@aws-sdk/middleware-location-constraint@3.972.9": {
      "integrity": "sha512-TyfOi2XNdOZpNKeTJwRUsVAGa+14nkyMb2VVGG+eDgcWG/ed6+NUo72N3hT6QJioxym80NSinErD+LBRF0Ir1w==",
      "dependencies": [
        "@aws-sdk/types",
        "@smithy/types",
        "tslib"
      ]
    },
    "@aws-sdk/middleware-logger@3.972.9": {
      "integrity": "sha512-HsVgDrruhqI28RkaXALm8grJ7Agc1wF6Et0xh6pom8NdO2VdO/SD9U/tPwUjewwK/pVoka+EShBxyCvgsPCtog==",
      "dependencies": [
        "@aws-sdk/types",
        "@smithy/types",
        "tslib"
      ]
    },
    "@aws-sdk/middleware-recursion-detection@3.972.10": {
      "integrity": "sha512-RVQQbq5orQ/GHUnXvqEOj2HHPBJm+mM+ySwZKS5UaLBwra5ugRtiH09PLUoOZRl7a1YzaOzXSuGbn9iD5j60WQ==",
      "dependencies": [
        "@aws-sdk/types",
        "@aws/lambda-invoke-store",
        "@smithy/protocol-http",
        "@smithy/types",
        "tslib"
      ]
    },
    "@aws-sdk/middleware-sdk-s3@3.972.28": {
      "integrity": "sha512-qJHcJQH9UNPUrnPlRtCozKjtqAaypQ5IgQxTNoPsVYIQeuwNIA8Rwt3NvGij1vCDYDfCmZaPLpnJEHlZXeFqmg==",
      "dependencies": [
        "@aws-sdk/core",
        "@aws-sdk/types",
        "@aws-sdk/util-arn-parser",
        "@smithy/core",
        "@smithy/node-config-provider",
        "@smithy/protocol-http",
        "@smithy/signature-v4",
        "@smithy/smithy-client",
        "@smithy/types",
        "@smithy/util-config-provider",
        "@smithy/util-middleware",
        "@smithy/util-stream",
        "@smithy/util-utf8@4.2.2",
        "tslib"
      ]
    },
    "@aws-sdk/middleware-ssec@3.972.9": {
      "integrity": "sha512-wSA2BR7L0CyBNDJeSrleIIzC+DzL93YNTdfU0KPGLiocK6YsRv1nPAzPF+BFSdcs0Qa5ku5Kcf4KvQcWwKGenQ==",
      "dependencies": [
        "@aws-sdk/types",
        "@smithy/types",
        "tslib"
      ]
    },
    "@aws-sdk/middleware-user-agent@3.972.29": {
      "integrity": "sha512-f/sIRzuTfEjg6NsbMYvye2VsmnQoNgntntleQyx5uGacUYzszbfIlO3GcI6G6daWUmTm0IDZc11qMHWwF0o0mQ==",
      "dependencies": [
        "@aws-sdk/core",
        "@aws-sdk/types",
        "@aws-sdk/util-endpoints",
        "@smithy/core",
        "@smithy/protocol-http",
        "@smithy/types",
        "@smithy/util-retry",
        "tslib"
      ]
    },
    "@aws-sdk/nested-clients@3.996.19": {
      "integrity": "sha512-uFkmCDXvmQYLanlYdOFS0+MQWkrj9wPMt/ZCc/0J0fjPim6F5jBVBmEomvGY/j77ILW6GTPwN22Jc174Mhkw6Q==",
      "dependencies": [
        "@aws-crypto/sha256-browser",
        "@aws-crypto/sha256-js",
        "@aws-sdk/core",
        "@aws-sdk/middleware-host-header",
        "@aws-sdk/middleware-logger",
        "@aws-sdk/middleware-recursion-detection",
        "@aws-sdk/middleware-user-agent",
        "@aws-sdk/region-config-resolver",
        "@aws-sdk/types",
        "@aws-sdk/util-endpoints",
        "@aws-sdk/util-user-agent-browser",
        "@aws-sdk/util-user-agent-node",
        "@smithy/config-resolver",
        "@smithy/core",
        "@smithy/fetch-http-handler",
        "@smithy/hash-node",
        "@smithy/invalid-dependency",
        "@smithy/middleware-content-length",
        "@smithy/middleware-endpoint",
        "@smithy/middleware-retry",
        "@smithy/middleware-serde",
        "@smithy/middleware-stack",
        "@smithy/node-config-provider",
        "@smithy/node-http-handler",
        "@smithy/protocol-http",
        "@smithy/smithy-client",
        "@smithy/types",
        "@smithy/url-parser",
        "@smithy/util-base64",
        "@smithy/util-body-length-browser",
        "@smithy/util-body-length-node",
        "@smithy/util-defaults-mode-browser",
        "@smithy/util-defaults-mode-node",
        "@smithy/util-endpoints",
        "@smithy/util-middleware",
        "@smithy/util-retry",
        "@smithy/util-utf8@4.2.2",
        "tslib"
      ]
    },
    "@aws-sdk/region-config-resolver@3.972.11": {
      "integrity": "sha512-6Q8B1dcx6BBqUTY1Mc/eROKA0FImEEY5VPSd6AGPEUf0ErjExz4snVqa9kNJSoVDV1rKaNf3qrWojgcKW+SdDg==",
      "dependencies": [
        "@aws-sdk/types",
        "@smithy/config-resolver",
        "@smithy/node-config-provider",
        "@smithy/types",
        "tslib"
      ]
    },
    "@aws-sdk/signature-v4-multi-region@3.996.16": {
      "integrity": "sha512-EMdXYB4r/k5RWq86fugjRhid5JA+Z6MpS7n4sij4u5/C+STrkvuf9aFu41rJA9MjUzxCLzv8U2XL8cH2GSRYpQ==",
      "dependencies": [
        "@aws-sdk/middleware-sdk-s3",
        "@aws-sdk/types",
        "@smithy/protocol-http",
        "@smithy/signature-v4",
        "@smithy/types",
        "tslib"
      ]
    },
    "@aws-sdk/token-providers@3.1026.0": {
      "integrity": "sha512-Ieq/HiRrbEtrYP387Nes0XlR7H1pJiJOZKv+QyQzMYpvTiDs0VKy2ZB3E2Zf+aFovWmeE7lRE4lXyF7dYM6GgA==",
      "dependencies": [
        "@aws-sdk/core",
        "@aws-sdk/nested-clients",
        "@aws-sdk/types",
        "@smithy/property-provider",
        "@smithy/shared-ini-file-loader",
        "@smithy/types",
        "tslib"
      ]
    },
    "@aws-sdk/types@3.973.7": {
      "integrity": "sha512-reXRwoJ6CfChoqAsBszUYajAF8Z2LRE+CRcKocvFSMpIiLOtYU3aJ9trmn6VVPAzbbY5LXF+FfmUslbXk1SYFg==",
      "dependencies": [
        "@smithy/types",
        "tslib"
      ]
    },
    "@aws-sdk/util-arn-parser@3.972.3": {
      "integrity": "sha512-HzSD8PMFrvgi2Kserxuff5VitNq2sgf3w9qxmskKDiDTThWfVteJxuCS9JXiPIPtmCrp+7N9asfIaVhBFORllA==",
      "dependencies": [
        "tslib"
      ]
    },
    "@aws-sdk/util-endpoints@3.996.6": {
      "integrity": "sha512-2nUQ+2ih7CShuKHpGSIYvvAIOHy52dOZguYG36zptBukhw6iFwcvGfG0tes0oZFWQqEWvgZe9HLWaNlvXGdOrg==",
      "dependencies": [
        "@aws-sdk/types",
        "@smithy/types",
        "@smithy/url-parser",
        "@smithy/util-endpoints",
        "tslib"
      ]
    },
    "@aws-sdk/util-locate-window@3.965.5": {
      "integrity": "sha512-WhlJNNINQB+9qtLtZJcpQdgZw3SCDCpXdUJP7cToGwHbCWCnRckGlc6Bx/OhWwIYFNAn+FIydY8SZ0QmVu3xTQ==",
      "dependencies": [
        "tslib"
      ]
    },
    "@aws-sdk/util-user-agent-browser@3.972.9": {
      "integrity": "sha512-sn/LMzTbGjYqCCF24390WxPd6hkpoSptiUn5DzVp4cD71yqw+yGEGm1YCxyEoPXyc8qciM8UzLJcZBFslxo5Uw==",
      "dependencies": [
        "@aws-sdk/types",
        "@smithy/types",
        "bowser",
        "tslib"
      ]
    },
    "@aws-sdk/util-user-agent-node@3.973.15": {
      "integrity": "sha512-fYn3s9PtKdgQkczGZCFMgkNEe8aq1JCVbnRqjqN9RSVW43xn2RV9xdcZ3z01a48Jpkuh/xCmBKJxdLOo4Ozg7w==",
      "dependencies": [
        "@aws-sdk/middleware-user-agent",
        "@aws-sdk/types",
        "@smithy/node-config-provider",
        "@smithy/types",
        "@smithy/util-config-provider",
        "tslib"
      ]
    },
    "@aws-sdk/xml-builder@3.972.17": {
      "integrity": "sha512-Ra7hjqAZf1OXRRMueB13qex7mFJRDK/pgCvdSFemXBT8KCGnQDPoKzHY1SjN+TjJVmnpSF14W5tJ1vDamFu+Gg==",
      "dependencies": [
        "@smithy/types",
        "fast-xml-parser",
        "tslib"
      ]
    },
    "@aws/lambda-invoke-store@0.2.4": {
      "integrity": "sha512-iY8yvjE0y651BixKNPgmv1WrQc+GZ142sb0z4gYnChDDY2YqI4P/jsSopBWrKfAt7LOJAkOXt7rC/hms+WclQQ=="
    },
    "@smithy/chunked-blob-reader-native@4.2.3": {
      "integrity": "sha512-jA5k5Udn7Y5717L86h4EIv06wIr3xn8GM1qHRi/Nf31annXcXHJjBKvgztnbn2TxH3xWrPBfgwHsOwZf0UmQWw==",
      "dependencies": [
        "@smithy/util-base64",
        "tslib"
      ]
    },
    "@smithy/chunked-blob-reader@5.2.2": {
      "integrity": "sha512-St+kVicSyayWQca+I1rGitaOEH6uKgE8IUWoYnnEX26SWdWQcL6LvMSD19Lg+vYHKdT9B2Zuu7rd3i6Wnyb/iw==",
      "dependencies": [
        "tslib"
      ]
    },
    "@smithy/config-resolver@4.4.14": {
      "integrity": "sha512-N55f8mPEccpzKetUagdvmAy8oohf0J5cuj9jLI1TaSceRlq0pJsIZepY3kmAXAhyxqXPV6hDerDQhqQPKWgAoQ==",
      "dependencies": [
        "@smithy/node-config-provider",
        "@smithy/types",
        "@smithy/util-config-provider",
        "@smithy/util-endpoints",
        "@smithy/util-middleware",
        "tslib"
      ]
    },
    "@smithy/core@3.23.14": {
      "integrity": "sha512-vJ0IhpZxZAkFYOegMKSrxw7ujhhT2pass/1UEcZ4kfl5srTAqtPU5I7MdYQoreVas3204ykCiNhY1o7Xlz6Yyg==",
      "dependencies": [
        "@smithy/protocol-http",
        "@smithy/types",
        "@smithy/url-parser",
        "@smithy/util-base64",
        "@smithy/util-body-length-browser",
        "@smithy/util-middleware",
        "@smithy/util-stream",
        "@smithy/util-utf8@4.2.2",
        "@smithy/uuid",
        "tslib"
      ]
    },
    "@smithy/credential-provider-imds@4.2.13": {
      "integrity": "sha512-wboCPijzf6RJKLOvnjDAiBxGSmSnGXj35o5ZAWKDaHa/cvQ5U3ZJ13D4tMCE8JG4dxVAZFy/P0x/V9CwwdfULQ==",
      "dependencies": [
        "@smithy/node-config-provider",
        "@smithy/property-provider",
        "@smithy/types",
        "@smithy/url-parser",
        "tslib"
      ]
    },
    "@smithy/eventstream-codec@4.2.13": {
      "integrity": "sha512-vYahwBAtRaAcFbOmE9aLr12z7RiHYDSLcnogSdxfm7kKfsNa3wH+NU5r7vTeB5rKvLsWyPjVX8iH94brP7umiQ==",
      "dependencies": [
        "@aws-crypto/crc32",
        "@smithy/types",
        "@smithy/util-hex-encoding",
        "tslib"
      ]
    },
    "@smithy/eventstream-serde-browser@4.2.13": {
      "integrity": "sha512-wwybfcOX0tLqCcBP378TIU9IqrDuZq/tDV48LlZNydMpCnqnYr+hWBAYbRE+rFFf/p7IkDJySM3bgiMKP2ihPg==",
      "dependencies": [
        "@smithy/eventstream-serde-universal",
        "@smithy/types",
        "tslib"
      ]
    },
    "@smithy/eventstream-serde-config-resolver@4.3.13": {
      "integrity": "sha512-ied1lO559PtAsMJzg2TKRlctLnEi1PfkNeMMpdwXDImk1zV9uvS/Oxoy/vcy9uv1GKZAjDAB5xT6ziE9fzm5wA==",
      "dependencies": [
        "@smithy/types",
        "tslib"
      ]
    },
    "@smithy/eventstream-serde-node@4.2.13": {
      "integrity": "sha512-hFyK+ORJrxAN3RYoaD6+gsGDQjeix8HOEkosoajvXYZ4VeqonM3G4jd9IIRm/sWGXUKmudkY9KdYjzosUqdM8A==",
      "dependencies": [
        "@smithy/eventstream-serde-universal",
        "@smithy/types",
        "tslib"
      ]
    },
    "@smithy/eventstream-serde-universal@4.2.13": {
      "integrity": "sha512-kRrq4EKLGeOxhC2CBEhRNcu1KSzNJzYY7RK3S7CxMPgB5dRrv55WqQOtRwQxQLC04xqORFLUgnDlc6xrNUULaA==",
      "dependencies": [
        "@smithy/eventstream-codec",
        "@smithy/types",
        "tslib"
      ]
    },
    "@smithy/fetch-http-handler@5.3.16": {
      "integrity": "sha512-nYDRUIvNd4mFmuXraRWt6w5UsZTNqtj4hXJA/iiOD4tuseIdLP9Lq38teH/SZTcIFCa2f+27o7hYpIsWktJKEQ==",
      "dependencies": [
        "@smithy/protocol-http",
        "@smithy/querystring-builder",
        "@smithy/types",
        "@smithy/util-base64",
        "tslib"
      ]
    },
    "@smithy/hash-blob-browser@4.2.14": {
      "integrity": "sha512-rtQ5es8r/5v4rav7q5QTsfx9CtCyzrz/g7ZZZBH2xtMmd6G/KQrLOWfSHTvFOUPlVy59RQvxeBYJaLRoybMEyA==",
      "dependencies": [
        "@smithy/chunked-blob-reader",
        "@smithy/chunked-blob-reader-native",
        "@smithy/types",
        "tslib"
      ]
    },
    "@smithy/hash-node@4.2.13": {
      "integrity": "sha512-4/oy9h0jjmY80a2gOIo75iLl8TOPhmtx4E2Hz+PfMjvx/vLtGY4TMU/35WRyH2JHPfT5CVB38u4JRow7gnmzJA==",
      "dependencies": [
        "@smithy/types",
        "@smithy/util-buffer-from@4.2.2",
        "@smithy/util-utf8@4.2.2",
        "tslib"
      ]
    },
    "@smithy/hash-stream-node@4.2.13": {
      "integrity": "sha512-WdQ7HwUjINXETeh6dqUeob1UHIYx8kAn9PSp1HhM2WWegiZBYVy2WXIs1lB07SZLan/udys9SBnQGt9MQbDpdg==",
      "dependencies": [
        "@smithy/types",
        "@smithy/util-utf8@4.2.2",
        "tslib"
      ]
    },
    "@smithy/invalid-dependency@4.2.13": {
      "integrity": "sha512-jvC0RB/8BLj2SMIkY0Npl425IdnxZJxInpZJbu563zIRnVjpDMXevU3VMCRSabaLB0kf/eFIOusdGstrLJ8IDg==",
      "dependencies": [
        "@smithy/types",
        "tslib"
      ]
    },
    "@smithy/is-array-buffer@2.2.0": {
      "integrity": "sha512-GGP3O9QFD24uGeAXYUjwSTXARoqpZykHadOmA8G5vfJPK0/DC67qa//0qvqrJzL1xc8WQWX7/yc7fwudjPHPhA==",
      "dependencies": [
        "tslib"
      ]
    },
    "@smithy/is-array-buffer@4.2.2": {
      "integrity": "sha512-n6rQ4N8Jj4YTQO3YFrlgZuwKodf4zUFs7EJIWH86pSCWBaAtAGBFfCM7Wx6D2bBJ2xqFNxGBSrUWswT3M0VJow==",
      "dependencies": [
        "tslib"
      ]
    },
    "@smithy/md5-js@4.2.13": {
      "integrity": "sha512-cNm7I9NXolFxtS20ojROddOEpSAeI1Obq6pd1Kj5HtHws3s9Fkk8DdHDfQSs5KuxCewZuVK6UqrJnfJmiMzDuQ==",
      "dependencies": [
        "@smithy/types",
        "@smithy/util-utf8@4.2.2",
        "tslib"
      ]
    },
    "@smithy/middleware-content-length@4.2.13": {
      "integrity": "sha512-IPMLm/LE4AZwu6qiE8Rr8vJsWhs9AtOdySRXrOM7xnvclp77Tyh7hMs/FRrMf26kgIe67vFJXXOSmVxS7oKeig==",
      "dependencies": [
        "@smithy/protocol-http",
        "@smithy/types",
        "tslib"
      ]
    },
    "@smithy/middleware-endpoint@4.4.29": {
      "integrity": "sha512-R9Q/58U+qBiSARGWbAbFLczECg/RmysRksX6Q8BaQEpt75I7LI6WGDZnjuC9GXSGKljEbA7N118LhGaMbfrTXw==",
      "dependencies": [
        "@smithy/core",
        "@smithy/middleware-serde",
        "@smithy/node-config-provider",
        "@smithy/shared-ini-file-loader",
        "@smithy/types",
        "@smithy/url-parser",
        "@smithy/util-middleware",
        "tslib"
      ]
    },
    "@smithy/middleware-retry@4.5.1": {
      "integrity": "sha512-/zY+Gp7Qj2D2hVm3irkCyONER7E9MiX3cUUm/k2ZmhkzZkrPgwVS4aJ5NriZUEN/M0D1hhjrgjUmX04HhRwdWA==",
      "dependencies": [
        "@smithy/core",
        "@smithy/node-config-provider",
        "@smithy/protocol-http",
        "@smithy/service-error-classification",
        "@smithy/smithy-client",
        "@smithy/types",
        "@smithy/util-middleware",
        "@smithy/util-retry",
        "@smithy/uuid",
        "tslib"
      ]
    },
    "@smithy/middleware-serde@4.2.17": {
      "integrity": "sha512-0T2mcaM6v9W1xku86Dk0bEW7aEseG6KenFkPK98XNw0ZhOqOiD1MrMsdnQw9QsL3/Oa85T53iSMlm0SZdSuIEQ==",
      "dependencies": [
        "@smithy/core",
        "@smithy/protocol-http",
        "@smithy/types",
        "tslib"
      ]
    },
    "@smithy/middleware-stack@4.2.13": {
      "integrity": "sha512-g72jN/sGDLyTanrCLH9fhg3oysO3f7tQa6eWWsMyn2BiYNCgjF24n4/I9wff/5XidFvjj9ilipAoQrurTUrLvw==",
      "dependencies": [
        "@smithy/types",
        "tslib"
      ]
    },
    "@smithy/node-config-provider@4.3.13": {
      "integrity": "sha512-iGxQ04DsKXLckbgnX4ipElrOTk+IHgTyu0q0WssZfYhDm9CQWHmu6cOeI5wmWRxpXbBDhIIfXMWz5tPEtcVqbw==",
      "dependencies": [
        "@smithy/property-provider",
        "@smithy/shared-ini-file-loader",
        "@smithy/types",
        "tslib"
      ]
    },
    "@smithy/node-http-handler@4.5.2": {
      "integrity": "sha512-/oD7u8M0oj2ZTFw7GkuuHWpIxtWdLlnyNkbrWcyVYhd5RJNDuczdkb0wfnQICyNFrVPlr8YHOhamjNy3zidhmA==",
      "dependencies": [
        "@smithy/protocol-http",
        "@smithy/querystring-builder",
        "@smithy/types",
        "tslib"
      ]
    },
    "@smithy/property-provider@4.2.13": {
      "integrity": "sha512-bGzUCthxRmezuxkbu9wD33wWg9KX3hJpCXpQ93vVkPrHn9ZW6KNNdY5xAUWNuRCwQ+VyboFuWirG1lZhhkcyRQ==",
      "dependencies": [
        "@smithy/types",
        "tslib"
      ]
    },
    "@smithy/protocol-http@5.3.13": {
      "integrity": "sha512-+HsmuJUF4u8POo6s8/a2Yb/AQ5t/YgLovCuHF9oxbocqv+SZ6gd8lC2duBFiCA/vFHoHQhoq7QjqJqZC6xOxxg==",
      "dependencies": [
        "@smithy/types",
        "tslib"
      ]
    },
    "@smithy/querystring-builder@4.2.13": {
      "integrity": "sha512-tG4aOYFCZdPMjbgfhnIQ322H//ojujldp1SrHPHpBSb3NqgUp3dwiUGRJzie87hS1DYwWGqDuPaowoDF+rYCbQ==",
      "dependencies": [
        "@smithy/types",
        "@smithy/util-uri-escape",
        "tslib"
      ]
    },
    "@smithy/querystring-parser@4.2.13": {
      "integrity": "sha512-hqW3Q4P+CDzUyQ87GrboGMeD7XYNMOF+CuTwu936UQRB/zeYn3jys8C3w+wMkDfY7CyyyVwZQ5cNFoG0x1pYmA==",
      "dependencies": [
        "@smithy/types",
        "tslib"
      ]
    },
    "@smithy/service-error-classification@4.2.13": {
      "integrity": "sha512-a0s8XZMfOC/qpqq7RCPvJlk93rWFrElH6O++8WJKz0FqnA4Y7fkNi/0mnGgSH1C4x6MFsuBA8VKu4zxFrMe5Vw==",
      "dependencies": [
        "@smithy/types"
      ]
    },
    "@smithy/shared-ini-file-loader@4.4.8": {
      "integrity": "sha512-VZCZx2bZasxdqxVgEAhREvDSlkatTPnkdWy1+Kiy8w7kYPBosW0V5IeDwzDUMvWBt56zpK658rx1cOBFOYaPaw==",
      "dependencies": [
        "@smithy/types",
        "tslib"
      ]
    },
    "@smithy/signature-v4@5.3.13": {
      "integrity": "sha512-YpYSyM0vMDwKbHD/JA7bVOF6kToVRpa+FM5ateEVRpsTNu564g1muBlkTubXhSKKYXInhpADF46FPyrZcTLpXg==",
      "dependencies": [
        "@smithy/is-array-buffer@4.2.2",
        "@smithy/protocol-http",
        "@smithy/types",
        "@smithy/util-hex-encoding",
        "@smithy/util-middleware",
        "@smithy/util-uri-escape",
        "@smithy/util-utf8@4.2.2",
        "tslib"
      ]
    },
    "@smithy/smithy-client@4.12.9": {
      "integrity": "sha512-ovaLEcTU5olSeHcRXcxV6viaKtpkHZumn6Ps0yn7dRf2rRSfy794vpjOtrWDO0d1auDSvAqxO+lyhERSXQ03EQ==",
      "dependencies": [
        "@smithy/core",
        "@smithy/middleware-endpoint",
        "@smithy/middleware-stack",
        "@smithy/protocol-http",
        "@smithy/types",
        "@smithy/util-stream",
        "tslib"
      ]
    },
    "@smithy/types@4.14.0": {
      "integrity": "sha512-OWgntFLW88kx2qvf/c/67Vno1yuXm/f9M7QFAtVkkO29IJXGBIg0ycEaBTH0kvCtwmvZxRujrgP5a86RvsXJAQ==",
      "dependencies": [
        "tslib"
      ]
    },
    "@smithy/url-parser@4.2.13": {
      "integrity": "sha512-2G03yoboIRZlZze2+PT4GZEjgwQsJjUgn6iTsvxA02bVceHR6vp4Cuk7TUnPFWKF+ffNUk3kj4COwkENS2K3vw==",
      "dependencies": [
        "@smithy/querystring-parser",
        "@smithy/types",
        "tslib"
      ]
    },
    "@smithy/util-base64@4.3.2": {
      "integrity": "sha512-XRH6b0H/5A3SgblmMa5ErXQ2XKhfbQB+Fm/oyLZ2O2kCUrwgg55bU0RekmzAhuwOjA9qdN5VU2BprOvGGUkOOQ==",
      "dependencies": [
        "@smithy/util-buffer-from@4.2.2",
        "@smithy/util-utf8@4.2.2",
        "tslib"
      ]
    },
    "@smithy/util-body-length-browser@4.2.2": {
      "integrity": "sha512-JKCrLNOup3OOgmzeaKQwi4ZCTWlYR5H4Gm1r2uTMVBXoemo1UEghk5vtMi1xSu2ymgKVGW631e2fp9/R610ZjQ==",
      "dependencies": [
        "tslib"
      ]
    },
    "@smithy/util-body-length-node@4.2.3": {
      "integrity": "sha512-ZkJGvqBzMHVHE7r/hcuCxlTY8pQr1kMtdsVPs7ex4mMU+EAbcXppfo5NmyxMYi2XU49eqaz56j2gsk4dHHPG/g==",
      "dependencies": [
        "tslib"
      ]
    },
    "@smithy/util-buffer-from@2.2.0": {
      "integrity": "sha512-IJdWBbTcMQ6DA0gdNhh/BwrLkDR+ADW5Kr1aZmd4k3DIF6ezMV4R2NIAmT08wQJ3yUK82thHWmC/TnK/wpMMIA==",
      "dependencies": [
        "@smithy/is-array-buffer@2.2.0",
        "tslib"
      ]
    },
    "@smithy/util-buffer-from@4.2.2": {
      "integrity": "sha512-FDXD7cvUoFWwN6vtQfEta540Y/YBe5JneK3SoZg9bThSoOAC/eGeYEua6RkBgKjGa/sz6Y+DuBZj3+YEY21y4Q==",
      "dependencies": [
        "@smithy/is-array-buffer@4.2.2",
        "tslib"
      ]
    },
    "@smithy/util-config-provider@4.2.2": {
      "integrity": "sha512-dWU03V3XUprJwaUIFVv4iOnS1FC9HnMHDfUrlNDSh4315v0cWyaIErP8KiqGVbf5z+JupoVpNM7ZB3jFiTejvQ==",
      "dependencies": [
        "tslib"
      ]
    },
    "@smithy/util-defaults-mode-browser@4.3.45": {
      "integrity": "sha512-ag9sWc6/nWZAuK3Wm9KlFJUnRkXLrXn33RFjIAmCTFThqLHY+7wCst10BGq56FxslsDrjhSie46c8OULS+BiIw==",
      "dependencies": [
        "@smithy/property-provider",
        "@smithy/smithy-client",
        "@smithy/types",
        "tslib"
      ]
    },
    "@smithy/util-defaults-mode-node@4.2.49": {
      "integrity": "sha512-jlN6vHwE8gY5AfiFBavtD3QtCX2f7lM3BKkz7nFKSNfFR5nXLXLg6sqXTJEEyDwtxbztIDBQCfjsGVXlIru2lQ==",
      "dependencies": [
        "@smithy/config-resolver",
        "@smithy/credential-provider-imds",
        "@smithy/node-config-provider",
        "@smithy/property-provider",
        "@smithy/smithy-client",
        "@smithy/types",
        "tslib"
      ]
    },
    "@smithy/util-endpoints@3.3.4": {
      "integrity": "sha512-BKoR/ubPp9KNKFxPpg1J28N1+bgu8NGAtJblBP7yHy8yQPBWhIAv9+l92SlQLpolGm71CVO+btB60gTgzT0wog==",
      "dependencies": [
        "@smithy/node-config-provider",
        "@smithy/types",
        "tslib"
      ]
    },
    "@smithy/util-hex-encoding@4.2.2": {
      "integrity": "sha512-Qcz3W5vuHK4sLQdyT93k/rfrUwdJ8/HZ+nMUOyGdpeGA1Wxt65zYwi3oEl9kOM+RswvYq90fzkNDahPS8K0OIg==",
      "dependencies": [
        "tslib"
      ]
    },
    "@smithy/util-middleware@4.2.13": {
      "integrity": "sha512-GTooyrlmRTqvUen4eK7/K1p6kryF7bnDfq6XsAbIsf2mo51B/utaH+XThY6dKgNCWzMAaH/+OLmqaBuLhLWRow==",
      "dependencies": [
        "@smithy/types",
        "tslib"
      ]
    },
    "@smithy/util-retry@4.3.1": {
      "integrity": "sha512-FwmicpgWOkP5kZUjN3y+3JIom8NLGqSAJBeoIgK0rIToI817TEBHCrd0A2qGeKQlgDeP+Jzn4i0H/NLAXGy9uQ==",
      "dependencies": [
        "@smithy/service-error-classification",
        "@smithy/types",
        "tslib"
      ]
    },
    "@smithy/util-stream@4.5.22": {
      "integrity": "sha512-3H8iq/0BfQjUs2/4fbHZ9aG9yNzcuZs24LPkcX1Q7Z+qpqaGM8+qbGmE8zo9m2nCRgamyvS98cHdcWvR6YUsew==",
      "dependencies": [
        "@smithy/fetch-http-handler",
        "@smithy/node-http-handler",
        "@smithy/types",
        "@smithy/util-base64",
        "@smithy/util-buffer-from@4.2.2",
        "@smithy/util-hex-encoding",
        "@smithy/util-utf8@4.2.2",
        "tslib"
      ]
    },
    "@smithy/util-uri-escape@4.2.2": {
      "integrity": "sha512-2kAStBlvq+lTXHyAZYfJRb/DfS3rsinLiwb+69SstC9Vb0s9vNWkRwpnj918Pfi85mzi42sOqdV72OLxWAISnw==",
      "dependencies": [
        "tslib"
      ]
    },
    "@smithy/util-utf8@2.3.0": {
      "integrity": "sha512-R8Rdn8Hy72KKcebgLiv8jQcQkXoLMOGGv5uI1/k0l+snqkOzQ1R0ChUBCxWMlBsFMekWjq0wRudIweFs7sKT5A==",
      "dependencies": [
        "@smithy/util-buffer-from@2.2.0",
        "tslib"
      ]
    },
    "@smithy/util-utf8@4.2.2": {
      "integrity": "sha512-75MeYpjdWRe8M5E3AW0O4Cx3UadweS+cwdXjwYGBW5h/gxxnbeZ877sLPX/ZJA9GVTlL/qG0dXP29JWFCD1Ayw==",
      "dependencies": [
        "@smithy/util-buffer-from@4.2.2",
        "tslib"
      ]
    },
    "@smithy/util-waiter@4.2.15": {
      "integrity": "sha512-oUt9o7n8hBv3BL56sLSneL0XeigZSuem0Hr78JaoK33D9oKieyCvVP8eTSe3j7g2mm/S1DvzxKieG7JEWNJUNg==",
      "dependencies": [
        "@smithy/types",
        "tslib"
      ]
    },
    "@smithy/uuid@1.1.2": {
      "integrity": "sha512-O/IEdcCUKkubz60tFbGA7ceITTAJsty+lBjNoorP4Z6XRqaFb/OjQjZODophEcuq68nKm6/0r+6/lLQ+XVpk8g==",
      "dependencies": [
        "tslib"
      ]
    },
    "bowser@2.14.1": {
      "integrity": "sha512-tzPjzCxygAKWFOJP011oxFHs57HzIhOEracIgAePE4pqB3LikALKnSzUyU4MGs9/iCEUuHlAJTjTc5M+u7YEGg=="
    },
    "fast-xml-builder@1.1.4": {
      "integrity": "sha512-f2jhpN4Eccy0/Uz9csxh3Nu6q4ErKxf0XIsasomfOihuSUa3/xw6w8dnOtCDgEItQFJG8KyXPzQXzcODDrrbOg==",
      "dependencies": [
        "path-expression-matcher"
      ]
    },
    "fast-xml-parser@5.5.8": {
      "integrity": "sha512-Z7Fh2nVQSb2d+poDViM063ix2ZGt9jmY1nWhPfHBOK2Hgnb/OW3P4Et3P/81SEej0J7QbWtJqxO05h8QYfK7LQ==",
      "dependencies": [
        "fast-xml-builder",
        "path-expression-matcher",
        "strnum"
      ],
      "bin": true
    },
    "path-expression-matcher@1.5.0": {
      "integrity": "sha512-cbrerZV+6rvdQrrD+iGMcZFEiiSrbv9Tfdkvnusy6y0x0GKBXREFg/Y65GhIfm0tnLntThhzCnfKwp1WRjeCyQ=="
    },
    "strnum@2.2.3": {
      "integrity": "sha512-oKx6RUCuHfT3oyVjtnrmn19H1SiCqgJSg+54XqURKp5aCMbrXrhLjRN9TjuwMjiYstZ0MzDrHqkGZ5dFTKd+zg=="
    },
    "tslib@2.8.1": {
      "integrity": "sha512-oJFu94HQb+KVduSUQL7wnpmqnfmLsOA/nAh6b6EH0wCEoK0/mPeXU6c3wKDV83MkOuHPRHtSXKKU99IBazS/2w=="
    },
    "zod@4.3.6": {
      "integrity": "sha512-rftlrkhHZOcjDwkGlnUtZZkvaPHCsDATp4pGpuOOMDaTdDDXF91wuVDJoWoPsKX/3YPQ5fHuF3STjcYyKr+Qhg=="
    }
  },
  "workspace": {
    "dependencies": [
      "jsr:@systeminit/swamp-testing@0.20260331.5",
      "npm:@aws-sdk/client-iam@3.1024.0",
      "npm:@aws-sdk/client-s3@3.1024.0",
      "npm:@aws-sdk/client-sts@3.1024.0",
      "npm:zod@4.3.6"
    ]
  }
}
